{
  "name": "cyber-sentinels-agent-gamma",
  "version": "0.1.0",
  "lockfileVersion": 3,
  "requires": true,
  "packages": {
    "": {
      "name": "cyber-sentinels-agent-gamma",
      "version": "0.1.0",
      "dependencies": {
        "@cyber-sentinels/sdk": "file:../../packages/cyber-sentinels-sdk"
      },
      "engines": {
        "node": ">=22"
      }
    },
    "../../packages/cyber-sentinels-sdk": {
      "name": "@cyber-sentinels/sdk",
      "version": "0.1.0",
      "license": "UNLICENSED",
      "devDependencies": {
        "typescript": "^5.7.2"
      },
      "engines": {
        "node": ">=20"
      }
    },
    "node_modules/@cyber-sentinels/sdk": {
      "resolved": "../../packages/cyber-sentinels-sdk",
      "link": true
    }
  }
}
